
Microsoft Visual Studio Solution File, Format Version 12.00
# Visual Studio Version 17
VisualStudioVersion = 17.0.31903.59
MinimumVisualStudioVersion = 10.0.40219.1
Project("{FAE04EC0-301F-11D3-BF4B-00C04F79EFBC}") = "TaskApp.Api", "TaskApp.Api\TaskApp.Api.csproj", "{B1B29E87-499C-45E3-9192-DBDF367DE467}"
EndProject
Project("{FAE04EC0-301F-11D3-BF4B-00C04F79EFBC}") = "TaskApp.Application", "TaskApp.Application\TaskApp.Application.csproj", "{AC418FC8-9C7B-4F2D-BB69-D325EA1B5B55}"
EndProject
Project("{FAE04EC0-301F-11D3-BF4B-00C04F79EFBC}") = "TaskApp.Contracts", "TaskApp.Contracts\TaskApp.Contracts.csproj", "{AFAB2091-0FAB-49D4-9BDC-1AE01FC5BF4C}"
EndProject
Project("{FAE04EC0-301F-11D3-BF4B-00C04F79EFBC}") = "TaskApp.Domain", "TaskApp.Domain\TaskApp.Domain.csproj", "{CAC8A668-3978-4C1C-92F1-4CBF0C816BFD}"
EndProject
Project("{FAE04EC0-301F-11D3-BF4B-00C04F79EFBC}") = "TaskApp.Infrastructure", "TaskApp.Infrastructure\TaskApp.Infrastructure.csproj", "{B42BD1DD-6689-408D-9CC9-6BB561C3A30E}"
EndProject
Project("{FAE04EC0-301F-11D3-BF4B-00C04F79EFBC}") = "TaskApp.Modules.Tasks", "TaskApp.Modules.Tasks\TaskApp.Modules.Tasks.csproj", "{937D7D11-CA9A-44AE-94A1-276BDBB19CAC}"
EndProject
Project("{FAE04EC0-301F-11D3-BF4B-00C04F79EFBC}") = "TaskApp.Modules.Users", "TaskApp.Modules.Users\TaskApp.Modules.Users.csproj", "{A28325D8-3278-43C9-9D50-432147716E0A}"
EndProject
Global
	GlobalSection(SolutionConfigurationPlatforms) = preSolution
		Debug|Any CPU = Debug|Any CPU
		Release|Any CPU = Release|Any CPU
	EndGlobalSection
	GlobalSection(SolutionProperties) = preSolution
		HideSolutionNode = FALSE
	EndGlobalSection
	GlobalSection(ProjectConfigurationPlatforms) = postSolution
		{B1B29E87-499C-45E3-9192-DBDF367DE467}.Debug|Any CPU.ActiveCfg = Debug|Any CPU
		{B1B29E87-499C-45E3-9192-DBDF367DE467}.Debug|Any CPU.Build.0 = Debug|Any CPU
		{B1B29E87-499C-45E3-9192-DBDF367DE467}.Release|Any CPU.ActiveCfg = Release|Any CPU
		{B1B29E87-499C-45E3-9192-DBDF367DE467}.Release|Any CPU.Build.0 = Release|Any CPU
		{AC418FC8-9C7B-4F2D-BB69-D325EA1B5B55}.Debug|Any CPU.ActiveCfg = Debug|Any CPU
		{AC418FC8-9C7B-4F2D-BB69-D325EA1B5B55}.Debug|Any CPU.Build.0 = Debug|Any CPU
		{AC418FC8-9C7B-4F2D-BB69-D325EA1B5B55}.Release|Any CPU.ActiveCfg = Release|Any CPU
		{AC418FC8-9C7B-4F2D-BB69-D325EA1B5B55}.Release|Any CPU.Build.0 = Release|Any CPU
		{AFAB2091-0FAB-49D4-9BDC-1AE01FC5BF4C}.Debug|Any CPU.ActiveCfg = Debug|Any CPU
		{AFAB2091-0FAB-49D4-9BDC-1AE01FC5BF4C}.Debug|Any CPU.Build.0 = Debug|Any CPU
		{AFAB2091-0FAB-49D4-9BDC-1AE01FC5BF4C}.Release|Any CPU.ActiveCfg = Release|Any CPU
		{AFAB2091-0FAB-49D4-9BDC-1AE01FC5BF4C}.Release|Any CPU.Build.0 = Release|Any CPU
		{CAC8A668-3978-4C1C-92F1-4CBF0C816BFD}.Debug|Any CPU.ActiveCfg = Debug|Any CPU
		{CAC8A668-3978-4C1C-92F1-4CBF0C816BFD}.Debug|Any CPU.Build.0 = Debug|Any CPU
		{CAC8A668-3978-4C1C-92F1-4CBF0C816BFD}.Release|Any CPU.ActiveCfg = Release|Any CPU
		{CAC8A668-3978-4C1C-92F1-4CBF0C816BFD}.Release|Any CPU.Build.0 = Release|Any CPU
		{B42BD1DD-6689-408D-9CC9-6BB561C3A30E}.Debug|Any CPU.ActiveCfg = Debug|Any CPU
		{B42BD1DD-6689-408D-9CC9-6BB561C3A30E}.Debug|Any CPU.Build.0 = Debug|Any CPU
		{B42BD1DD-6689-408D-9CC9-6BB561C3A30E}.Release|Any CPU.ActiveCfg = Release|Any CPU
		{B42BD1DD-6689-408D-9CC9-6BB561C3A30E}.Release|Any CPU.Build.0 = Release|Any CPU
		{937D7D11-CA9A-44AE-94A1-276BDBB19CAC}.Debug|Any CPU.ActiveCfg = Debug|Any CPU
		{937D7D11-CA9A-44AE-94A1-276BDBB19CAC}.Debug|Any CPU.Build.0 = Debug|Any CPU
		{937D7D11-CA9A-44AE-94A1-276BDBB19CAC}.Release|Any CPU.ActiveCfg = Release|Any CPU
		{937D7D11-CA9A-44AE-94A1-276BDBB19CAC}.Release|Any CPU.Build.0 = Release|Any CPU
		{A28325D8-3278-43C9-9D50-432147716E0A}.Debug|Any CPU.ActiveCfg = Debug|Any CPU
		{A28325D8-3278-43C9-9D50-432147716E0A}.Debug|Any CPU.Build.0 = Debug|Any CPU
		{A28325D8-3278-43C9-9D50-432147716E0A}.Release|Any CPU.ActiveCfg = Release|Any CPU
		{A28325D8-3278-43C9-9D50-432147716E0A}.Release|Any CPU.Build.0 = Release|Any CPU
	EndGlobalSection
EndGlobal
